
Microsoft Visual Studio Solution File, Format Version 12.00
# Visual Studio 14
VisualStudioVersion = 14.0.25420.1
MinimumVisualStudioVersion = 10.0.40219.1
Project("{FAE04EC0-301F-11D3-BF4B-00C04F79EFBC}") = "DailyAtHome.Models", "DailyAtHome.Models\DailyAtHome.Models.csproj", "{DB004E80-302C-44E2-BA43-B75D0E6DF554}"
EndProject
Project("{FAE04EC0-301F-11D3-BF4B-00C04F79EFBC}") = "DailyAtHome.DataAccess", "DailyAtHome.DataAccess\DailyAtHome.DataAccess.csproj", "{EFFFD9DC-641A-49F0-AA3A-22CAC812DE03}"
EndProject
Project("{FAE04EC0-301F-11D3-BF4B-00C04F79EFBC}") = "DailyAtHome.DataContracts", "DailyAtHome.DataContracts\DailyAtHome.DataContracts.csproj", "{26ADC57C-7262-4A79-BC79-8E63CFEFBAEC}"
EndProject
Project("{FAE04EC0-301F-11D3-BF4B-00C04F79EFBC}") = "DailyAtHome.Web", "DailyAtHome.Web\DailyAtHome.Web.csproj", "{2D5EF08D-42A4-4537-A677-ECC182596C45}"
EndProject
Project("{FAE04EC0-301F-11D3-BF4B-00C04F79EFBC}") = "DailyAtHome.WebAPI", "DailyAtHome.WebAPI\DailyAtHome.WebAPI.csproj", "{A87A8A1B-946B-4521-947F-C9B318F3B794}"
EndProject
Project("{FAE04EC0-301F-11D3-BF4B-00C04F79EFBC}") = "DailyAtHome", "DailyAtHome\DailyAtHome.csproj", "{22F098F7-CF0C-4781-82E8-5DE864707061}"
EndProject
Global
	GlobalSection(SolutionConfigurationPlatforms) = preSolution
		Debug|Any CPU = Debug|Any CPU
		Release|Any CPU = Release|Any CPU
	EndGlobalSection
	GlobalSection(ProjectConfigurationPlatforms) = postSolution
		{DB004E80-302C-44E2-BA43-B75D0E6DF554}.Debug|Any CPU.ActiveCfg = Debug|Any CPU
		{DB004E80-302C-44E2-BA43-B75D0E6DF554}.Debug|Any CPU.Build.0 = Debug|Any CPU
		{DB004E80-302C-44E2-BA43-B75D0E6DF554}.Release|Any CPU.ActiveCfg = Release|Any CPU
		{DB004E80-302C-44E2-BA43-B75D0E6DF554}.Release|Any CPU.Build.0 = Release|Any CPU
		{EFFFD9DC-641A-49F0-AA3A-22CAC812DE03}.Debug|Any CPU.ActiveCfg = Debug|Any CPU
		{EFFFD9DC-641A-49F0-AA3A-22CAC812DE03}.Debug|Any CPU.Build.0 = Debug|Any CPU
		{EFFFD9DC-641A-49F0-AA3A-22CAC812DE03}.Release|Any CPU.ActiveCfg = Release|Any CPU
		{EFFFD9DC-641A-49F0-AA3A-22CAC812DE03}.Release|Any CPU.Build.0 = Release|Any CPU
		{26ADC57C-7262-4A79-BC79-8E63CFEFBAEC}.Debug|Any CPU.ActiveCfg = Debug|Any CPU
		{26ADC57C-7262-4A79-BC79-8E63CFEFBAEC}.Debug|Any CPU.Build.0 = Debug|Any CPU
		{26ADC57C-7262-4A79-BC79-8E63CFEFBAEC}.Release|Any CPU.ActiveCfg = Release|Any CPU
		{26ADC57C-7262-4A79-BC79-8E63CFEFBAEC}.Release|Any CPU.Build.0 = Release|Any CPU
		{2D5EF08D-42A4-4537-A677-ECC182596C45}.Debug|Any CPU.ActiveCfg = Debug|Any CPU
		{2D5EF08D-42A4-4537-A677-ECC182596C45}.Debug|Any CPU.Build.0 = Debug|Any CPU
		{2D5EF08D-42A4-4537-A677-ECC182596C45}.Release|Any CPU.ActiveCfg = Release|Any CPU
		{2D5EF08D-42A4-4537-A677-ECC182596C45}.Release|Any CPU.Build.0 = Release|Any CPU
		{A87A8A1B-946B-4521-947F-C9B318F3B794}.Debug|Any CPU.ActiveCfg = Debug|Any CPU
		{A87A8A1B-946B-4521-947F-C9B318F3B794}.Debug|Any CPU.Build.0 = Debug|Any CPU
		{A87A8A1B-946B-4521-947F-C9B318F3B794}.Release|Any CPU.ActiveCfg = Release|Any CPU
		{A87A8A1B-946B-4521-947F-C9B318F3B794}.Release|Any CPU.Build.0 = Release|Any CPU
		{22F098F7-CF0C-4781-82E8-5DE864707061}.Debug|Any CPU.ActiveCfg = Debug|Any CPU
		{22F098F7-CF0C-4781-82E8-5DE864707061}.Debug|Any CPU.Build.0 = Debug|Any CPU
		{22F098F7-CF0C-4781-82E8-5DE864707061}.Release|Any CPU.ActiveCfg = Release|Any CPU
		{22F098F7-CF0C-4781-82E8-5DE864707061}.Release|Any CPU.Build.0 = Release|Any CPU
	EndGlobalSection
	GlobalSection(SolutionProperties) = preSolution
		HideSolutionNode = FALSE
	EndGlobalSection
	GlobalSection(ExtensibilityGlobals) = postSolution
		EnterpriseLibraryConfigurationToolBinariesPath = packages\Unity.2.1.505.0\lib\NET35
	EndGlobalSection
EndGlobal
